// !$*UTF8*$!
{
	archiveVersion = 1;
	classes = {
	};
	objectVersion = 46;
	objects = {

/* Begin PBXBuildFile section */
		2C2CF8811BFAFC3D00C246E8 /* main.m in Sources */ = {isa = PBXBuildFile; fileRef = 2C2CF8801BFAFC3D00C246E8 /* main.m */; };
		2C2CF8841BFAFC3D00C246E8 /* AppDelegate.m in Sources */ = {isa = PBXBuildFile; fileRef = 2C2CF8831BFAFC3D00C246E8 /* AppDelegate.m */; };
		2C2CF8871BFAFC3D00C246E8 /* GameGuessViewController.m in Sources */ = {isa = PBXBuildFile; fileRef = 2C2CF8861BFAFC3D00C246E8 /* GameGuessViewController.m */; };
		2C2CF88A1BFAFC3D00C246E8 /* Main.storyboard in Resources */ = {isa = PBXBuildFile; fileRef = 2C2CF8881BFAFC3D00C246E8 /* Main.storyboard */; };
		2C2CF88C1BFAFC3D00C246E8 /* Assets.xcassets in Resources */ = {isa = PBXBuildFile; fileRef = 2C2CF88B1BFAFC3D00C246E8 /* Assets.xcassets */; };
		2C2CF88F1BFAFC3D00C246E8 /* LaunchScreen.storyboard in Resources */ = {isa = PBXBuildFile; fileRef = 2C2CF88D1BFAFC3D00C246E8 /* LaunchScreen.storyboard */; };
		2C2CF89A1BFAFC3E00C246E8 /* GuessNumberTests.m in Sources */ = {isa = PBXBuildFile; fileRef = 2C2CF8991BFAFC3E00C246E8 /* GuessNumberTests.m */; };
		2C2CF8A51BFAFC3E00C246E8 /* GuessNumberUITests.m in Sources */ = {isa = PBXBuildFile; fileRef = 2C2CF8A41BFAFC3E00C246E8 /* GuessNumberUITests.m */; };
		2C2CF8BA1BFB1C5500C246E8 /* CompareRandomNumber.m in Sources */ = {isa = PBXBuildFile; fileRef = 2C2CF8B91BFB1C5500C246E8 /* CompareRandomNumber.m */; };
		2C2CF8C11BFB1CFD00C246E8 /* ControlTheNumberOf.m in Sources */ = {isa = PBXBuildFile; fileRef = 2C2CF8C01BFB1CFD00C246E8 /* ControlTheNumberOf.m */; };
		2C2CF8C41BFB1D2500C246E8 /* GenerateRandomNumber.m in Sources */ = {isa = PBXBuildFile; fileRef = 2C2CF8C31BFB1D2500C246E8 /* GenerateRandomNumber.m */; };
/* End PBXBuildFile section */

/* Begin PBXContainerItemProxy section */
		2C2CF8961BFAFC3E00C246E8 /* PBXContainerItemProxy */ = {
			isa = PBXContainerItemProxy;
			containerPortal = 2C2CF8741BFAFC3D00C246E8 /* Project object */;
			proxyType = 1;
			remoteGlobalIDString = 2C2CF87B1BFAFC3D00C246E8;
			remoteInfo = GuessNumber;
		};
		2C2CF8A11BFAFC3E00C246E8 /* PBXContainerItemProxy */ = {
			isa = PBXContainerItemProxy;
			containerPortal = 2C2CF8741BFAFC3D00C246E8 /* Project object */;
			proxyType = 1;
			remoteGlobalIDString = 2C2CF87B1BFAFC3D00C246E8;
			remoteInfo = GuessNumber;
		};
/* End PBXContainerItemProxy section */

/* Begin PBXFileReference section */
		2C2CF87C1BFAFC3D00C246E8 /* GuessNumber.app */ = {isa = PBXFileReference; explicitFileType = wrapper.application; includeInIndex = 0; path = GuessNumber.app; sourceTree = BUILT_PRODUCTS_DIR; };
		2C2CF8801BFAFC3D00C246E8 /* main.m */ = {isa = PBXFileReference; lastKnownFileType = sourcecode.c.objc; path = main.m; sourceTree = "<group>"; };
		2C2CF8821BFAFC3D00C246E8 /* AppDelegate.h */ = {isa = PBXFileReference; lastKnownFileType = sourcecode.c.h; path = AppDelegate.h; sourceTree = "<group>"; };
		2C2CF8831BFAFC3D00C246E8 /* AppDelegate.m */ = {isa = PBXFileReference; lastKnownFileType = sourcecode.c.objc; path = AppDelegate.m; sourceTree = "<group>"; };
		2C2CF8851BFAFC3D00C246E8 /* GameGuessViewController.h */ = {isa = PBXFileReference; lastKnownFileType = sourcecode.c.h; path = GameGuessViewController.h; sourceTree = "<group>"; };
		2C2CF8861BFAFC3D00C246E8 /* GameGuessViewController.m */ = {isa = PBXFileReference; lastKnownFileType = sourcecode.c.objc; path = GameGuessViewController.m; sourceTree = "<group>"; };
		2C2CF8891BFAFC3D00C246E8 /* Base */ = {isa = PBXFileReference; lastKnownFileType = file.storyboard; name = Base; path = Base.lproj/Main.storyboard; sourceTree = "<group>"; };
		2C2CF88B1BFAFC3D00C246E8 /* Assets.xcassets */ = {isa = PBXFileReference; lastKnownFileType = folder.assetcatalog; path = Assets.xcassets; sourceTree = "<group>"; };
		2C2CF88E1BFAFC3D00C246E8 /* Base */ = {isa = PBXFileReference; lastKnownFileType = file.storyboard; name = Base; path = Base.lproj/LaunchScreen.storyboard; sourceTree = "<group>"; };
		2C2CF8901BFAFC3D00C246E8 /* Info.plist */ = {isa = PBXFileReference; lastKnownFileType = text.plist.xml; path = Info.plist; sourceTree = "<group>"; };
		2C2CF8951BFAFC3E00C246E8 /* GuessNumberTests.xctest */ = {isa = PBXFileReference; explicitFileType = wrapper.cfbundle; includeInIndex = 0; path = GuessNumberTests.xctest; sourceTree = BUILT_PRODUCTS_DIR; };
		2C2CF8991BFAFC3E00C246E8 /* GuessNumberTests.m */ = {isa = PBXFileReference; lastKnownFileType = sourcecode.c.objc; path = GuessNumberTests.m; sourceTree = "<group>"; };
		2C2CF89B1BFAFC3E00C246E8 /* Info.plist */ = {isa = PBXFileReference; lastKnownFileType = text.plist.xml; path = Info.plist; sourceTree = "<group>"; };
		2C2CF8A01BFAFC3E00C246E8 /* GuessNumberUITests.xctest */ = {isa = PBXFileReference; explicitFileType = wrapper.cfbundle; includeInIndex = 0; path = GuessNumberUITests.xctest; sourceTree = BUILT_PRODUCTS_DIR; };
		2C2CF8A41BFAFC3E00C246E8 /* GuessNumberUITests.m */ = {isa = PBXFileReference; lastKnownFileType = sourcecode.c.objc; path = GuessNumberUITests.m; sourceTree = "<group>"; };
		2C2CF8A61BFAFC3E00C246E8 /* Info.plist */ = {isa = PBXFileReference; lastKnownFileType = text.plist.xml; path = Info.plist; sourceTree = "<group>"; };
		2C2CF8B21BFB0E1F00C246E8 /* Header.h */ = {isa = PBXFileReference; lastKnownFileType = sourcecode.c.h; path = Header.h; sourceTree = "<group>"; };
		2C2CF8B81BFB1C5500C246E8 /* CompareRandomNumber.h */ = {isa = PBXFileReference; fileEncoding = 4; lastKnownFileType = sourcecode.c.h; path = CompareRandomNumber.h; sourceTree = "<group>"; };
		2C2CF8B91BFB1C5500C246E8 /* CompareRandomNumber.m */ = {isa = PBXFileReference; fileEncoding = 4; lastKnownFileType = sourcecode.c.objc; path = CompareRandomNumber.m; sourceTree = "<group>"; };
		2C2CF8BF1BFB1CFD00C246E8 /* ControlTheNumberOf.h */ = {isa = PBXFileReference; fileEncoding = 4; lastKnownFileType = sourcecode.c.h; path = ControlTheNumberOf.h; sourceTree = "<group>"; };
		2C2CF8C01BFB1CFD00C246E8 /* ControlTheNumberOf.m */ = {isa = PBXFileReference; fileEncoding = 4; lastKnownFileType = sourcecode.c.objc; path = ControlTheNumberOf.m; sourceTree = "<group>"; };
		2C2CF8C21BFB1D2500C246E8 /* GenerateRandomNumber.h */ = {isa = PBXFileReference; fileEncoding = 4; lastKnownFileType = sourcecode.c.h; path = GenerateRandomNumber.h; sourceTree = "<group>"; };
		2C2CF8C31BFB1D2500C246E8 /* GenerateRandomNumber.m */ = {isa = PBXFileReference; fileEncoding = 4; lastKnownFileType = sourcecode.c.objc; path = GenerateRandomNumber.m; sourceTree = "<group>"; };
/* End PBXFileReference section */

/* Begin PBXFrameworksBuildPhase section */
		2C2CF8791BFAFC3D00C246E8 /* Frameworks */ = {
			isa = PBXFrameworksBuildPhase;
			buildActionMask = 2147483647;
			files = (
			);
			runOnlyForDeploymentPostprocessing = 0;
		};
		2C2CF8921BFAFC3E00C246E8 /* Frameworks */ = {
			isa = PBXFrameworksBuildPhase;
			buildActionMask = 2147483647;
			files = (
			);
			runOnlyForDeploymentPostprocessing = 0;
		};
		2C2CF89D1BFAFC3E00C246E8 /* Frameworks */ = {
			isa = PBXFrameworksBuildPhase;
			buildActionMask = 2147483647;
			files = (
			);
			runOnlyForDeploymentPostprocessing = 0;
		};
/* End PBXFrameworksBuildPhase section */

/* Begin PBXGroup section */
		2C2CF8731BFAFC3D00C246E8 = {
			isa = PBXGroup;
			children = (
				2C2CF8B21BFB0E1F00C246E8 /* Header.h */,
				2C2CF8BB1BFB1C7500C246E8 /* ControlNumber */,
				2C2CF8B71BFB1C0A00C246E8 /* CompareNumber */,
				2C2CF8B31BFB1B8700C246E8 /* GenerateNumber */,
				2C2CF87E1BFAFC3D00C246E8 /* GuessNumber */,
				2C2CF8981BFAFC3E00C246E8 /* GuessNumberTests */,
				2C2CF8A31BFAFC3E00C246E8 /* GuessNumberUITests */,
				2C2CF87D1BFAFC3D00C246E8 /* Products */,
			);
			sourceTree = "<group>";
		};
		2C2CF87D1BFAFC3D00C246E8 /* Products */ = {
			isa = PBXGroup;
			children = (
				2C2CF87C1BFAFC3D00C246E8 /* GuessNumber.app */,
				2C2CF8951BFAFC3E00C246E8 /* GuessNumberTests.xctest */,
				2C2CF8A01BFAFC3E00C246E8 /* GuessNumberUITests.xctest */,
			);
			name = Products;
			sourceTree = "<group>";
		};
		2C2CF87E1BFAFC3D00C246E8 /* GuessNumber */ = {
			isa = PBXGroup;
			children = (
				2C2CF8821BFAFC3D00C246E8 /* AppDelegate.h */,
				2C2CF8831BFAFC3D00C246E8 /* AppDelegate.m */,
				2C2CF8851BFAFC3D00C246E8 /* GameGuessViewController.h */,
				2C2CF8861BFAFC3D00C246E8 /* GameGuessViewController.m */,
				2C2CF8881BFAFC3D00C246E8 /* Main.storyboard */,
				2C2CF88B1BFAFC3D00C246E8 /* Assets.xcassets */,
				2C2CF88D1BFAFC3D00C246E8 /* LaunchScreen.storyboard */,
				2C2CF8901BFAFC3D00C246E8 /* Info.plist */,
				2C2CF87F1BFAFC3D00C246E8 /* Supporting Files */,
			);
			path = GuessNumber;
			sourceTree = "<group>";
		};
		2C2CF87F1BFAFC3D00C246E8 /* Supporting Files */ = {
			isa = PBXGroup;
			children = (
				2C2CF8801BFAFC3D00C246E8 /* main.m */,
			);
			name = "Supporting Files";
			sourceTree = "<group>";
		};
		2C2CF8981BFAFC3E00C246E8 /* GuessNumberTests */ = {
			isa = PBXGroup;
			children = (
				2C2CF8991BFAFC3E00C246E8 /* GuessNumberTests.m */,
				2C2CF89B1BFAFC3E00C246E8 /* Info.plist */,
			);
			path = GuessNumberTests;
			sourceTree = "<group>";
		};
		2C2CF8A31BFAFC3E00C246E8 /* GuessNumberUITests */ = {
			isa = PBXGroup;
			children = (
				2C2CF8A41BFAFC3E00C246E8 /* GuessNumberUITests.m */,
				2C2CF8A61BFAFC3E00C246E8 /* Info.plist */,
			);
			path = GuessNumberUITests;
			sourceTree = "<group>";
		};
		2C2CF8B31BFB1B8700C246E8 /* GenerateNumber */ = {
			isa = PBXGroup;
			children = (
				2C2CF8C21BFB1D2500C246E8 /* GenerateRandomNumber.h */,
				2C2CF8C31BFB1D2500C246E8 /* GenerateRandomNumber.m */,
			);
			name = GenerateNumber;
			sourceTree = "<group>";
		};
		2C2CF8B71BFB1C0A00C246E8 /* CompareNumber */ = {
			isa = PBXGroup;
			children = (
				2C2CF8B81BFB1C5500C246E8 /* CompareRandomNumber.h */,
				2C2CF8B91BFB1C5500C246E8 /* CompareRandomNumber.m */,
			);
			name = CompareNumber;
			sourceTree = "<group>";
		};
		2C2CF8BB1BFB1C7500C246E8 /* ControlNumber */ = {
			isa = PBXGroup;
			children = (
				2C2CF8BF1BFB1CFD00C246E8 /* ControlTheNumberOf.h */,
				2C2CF8C01BFB1CFD00C246E8 /* ControlTheNumberOf.m */,
			);
			name = ControlNumber;
			sourceTree = "<group>";
		};
/* End PBXGroup section */

/* Begin PBXNativeTarget section */
		2C2CF87B1BFAFC3D00C246E8 /* GuessNumber */ = {
			isa = PBXNativeTarget;
			buildConfigurationList = 2C2CF8A91BFAFC3E00C246E8 /* Build configuration list for PBXNativeTarget "GuessNumber" */;
			buildPhases = (
				2C2CF8781BFAFC3D00C246E8 /* Sources */,
				2C2CF8791BFAFC3D00C246E8 /* Frameworks */,
				2C2CF87A1BFAFC3D00C246E8 /* Resources */,
			);
			buildRules = (
			);
			dependencies = (
			);
			name = GuessNumber;
			productName = GuessNumber;
			productReference = 2C2CF87C1BFAFC3D00C246E8 /* GuessNumber.app */;
			productType = "com.apple.product-type.application";
		};
		2C2CF8941BFAFC3E00C246E8 /* GuessNumberTests */ = {
			isa = PBXNativeTarget;
			buildConfigurationList = 2C2CF8AC1BFAFC3E00C246E8 /* Build configuration list for PBXNativeTarget "GuessNumberTests" */;
			buildPhases = (
				2C2CF8911BFAFC3E00C246E8 /* Sources */,
				2C2CF8921BFAFC3E00C246E8 /* Frameworks */,
				2C2CF8931BFAFC3E00C246E8 /* Resources */,
			);
			buildRules = (
			);
			dependencies = (
				2C2CF8971BFAFC3E00C246E8 /* PBXTargetDependency */,
			);
			name = GuessNumberTests;
			productName = GuessNumberTests;
			productReference = 2C2CF8951BFAFC3E00C246E8 /* GuessNumberTests.xctest */;
			productType = "com.apple.product-type.bundle.unit-test";
		};
		2C2CF89F1BFAFC3E00C246E8 /* GuessNumberUITests */ = {
			isa = PBXNativeTarget;
			buildConfigurationList = 2C2CF8AF1BFAFC3E00C246E8 /* Build configuration list for PBXNativeTarget "GuessNumberUITests" */;
			buildPhases = (
				2C2CF89C1BFAFC3E00C246E8 /* Sources */,
				2C2CF89D1BFAFC3E00C246E8 /* Frameworks */,
				2C2CF89E1BFAFC3E00C246E8 /* Resources */,
			);
			buildRules = (
			);
			dependencies = (
				2C2CF8A21BFAFC3E00C246E8 /* PBXTargetDependency */,
			);
			name = GuessNumberUITests;
			productName = GuessNumberUITests;
			productReference = 2C2CF8A01BFAFC3E00C246E8 /* GuessNumberUITests.xctest */;
			productType = "com.apple.product-type.bundle.ui-testing";
		};
/* End PBXNativeTarget section */

/* Begin PBXProject section */
		2C2CF8741BFAFC3D00C246E8 /* Project object */ = {
			isa = PBXProject;
			attributes = {
				LastUpgradeCheck = 0710;
				ORGANIZATIONNAME = renxuan;
				TargetAttributes = {
					2C2CF87B1BFAFC3D00C246E8 = {
						CreatedOnToolsVersion = 7.1.1;
					};
					2C2CF8941BFAFC3E00C246E8 = {
						CreatedOnToolsVersion = 7.1.1;
						TestTargetID = 2C2CF87B1BFAFC3D00C246E8;
					};
					2C2CF89F1BFAFC3E00C246E8 = {
						CreatedOnToolsVersion = 7.1.1;
						TestTargetID = 2C2CF87B1BFAFC3D00C246E8;
					};
				};
			};
			buildConfigurationList = 2C2CF8771BFAFC3D00C246E8 /* Build configuration list for PBXProject "GuessNumber" */;
			compatibilityVersion = "Xcode 3.2";
			developmentRegion = English;
			hasScannedForEncodings = 0;
			knownRegions = (
				en,
				Base,
			);
			mainGroup = 2C2CF8731BFAFC3D00C246E8;
			productRefGroup = 2C2CF87D1BFAFC3D00C246E8 /* Products */;
			projectDirPath = "";
			projectRoot = "";
			targets = (
				2C2CF87B1BFAFC3D00C246E8 /* GuessNumber */,
				2C2CF8941BFAFC3E00C246E8 /* GuessNumberTests */,
				2C2CF89F1BFAFC3E00C246E8 /* GuessNumberUITests */,
			);
		};
/* End PBXProject section */

/* Begin PBXResourcesBuildPhase section */
		2C2CF87A1BFAFC3D00C246E8 /* Resources */ = {
			isa = PBXResourcesBuildPhase;
			buildActionMask = 2147483647;
			files = (
				2C2CF88F1BFAFC3D00C246E8 /* LaunchScreen.storyboard in Resources */,
				2C2CF88C1BFAFC3D00C246E8 /* Assets.xcassets in Resources */,
				2C2CF88A1BFAFC3D00C246E8 /* Main.storyboard in Resources */,
			);
			runOnlyForDeploymentPostprocessing = 0;
		};
		2C2CF8931BFAFC3E00C246E8 /* Resources */ = {
			isa = PBXResourcesBuildPhase;
			buildActionMask = 2147483647;
			files = (
			);
			runOnlyForDeploymentPostprocessing = 0;
		};
		2C2CF89E1BFAFC3E00C246E8 /* Resources */ = {
			isa = PBXResourcesBuildPhase;
			buildActionMask = 2147483647;
			files = (
			);
			runOnlyForDeploymentPostprocessing = 0;
		};
/* End PBXResourcesBuildPhase section */

/* Begin PBXSourcesBuildPhase section */
		2C2CF8781BFAFC3D00C246E8 /* Sources */ = {
			isa = PBXSourcesBuildPhase;
			buildActionMask = 2147483647;
			files = (
				2C2CF8C41BFB1D2500C246E8 /* GenerateRandomNumber.m in Sources */,
				2C2CF8871BFAFC3D00C246E8 /* GameGuessViewController.m in Sources */,
				2C2CF8C11BFB1CFD00C246E8 /* ControlTheNumberOf.m in Sources */,
				2C2CF8BA1BFB1C5500C246E8 /* CompareRandomNumber.m in Sources */,
				2C2CF8841BFAFC3D00C246E8 /* AppDelegate.m in Sources */,
				2C2CF8811BFAFC3D00C246E8 /* main.m in Sources */,
			);
			runOnlyForDeploymentPostprocessing = 0;
		};
		2C2CF8911BFAFC3E00C246E8 /* Sources */ = {
			isa = PBXSourcesBuildPhase;
			buildActionMask = 2147483647;
			files = (
				2C2CF89A1BFAFC3E00C246E8 /* GuessNumberTests.m in Sources */,
			);
			runOnlyForDeploymentPostprocessing = 0;
		};
		2C2CF89C1BFAFC3E00C246E8 /* Sources */ = {
			isa = PBXSourcesBuildPhase;
			buildActionMask = 2147483647;
			files = (
				2C2CF8A51BFAFC3E00C246E8 /* GuessNumberUITests.m in Sources */,
			);
			runOnlyForDeploymentPostprocessing = 0;
		};
/* End PBXSourcesBuildPhase section */

/* Begin PBXTargetDependency section */
		2C2CF8971BFAFC3E00C246E8 /* PBXTargetDependency */ = {
			isa = PBXTargetDependency;
			target = 2C2CF87B1BFAFC3D00C246E8 /* GuessNumber */;
			targetProxy = 2C2CF8961BFAFC3E00C246E8 /* PBXContainerItemProxy */;
		};
		2C2CF8A21BFAFC3E00C246E8 /* PBXTargetDependency */ = {
			isa = PBXTargetDependency;
			target = 2C2CF87B1BFAFC3D00C246E8 /* GuessNumber */;
			targetProxy = 2C2CF8A11BFAFC3E00C246E8 /* PBXContainerItemProxy */;
		};
/* End PBXTargetDependency section */

/* Begin PBXVariantGroup section */
		2C2CF8881BFAFC3D00C246E8 /* Main.storyboard */ = {
			isa = PBXVariantGroup;
			children = (
				2C2CF8891BFAFC3D00C246E8 /* Base */,
			);
			name = Main.storyboard;
			sourceTree = "<group>";
		};
		2C2CF88D1BFAFC3D00C246E8 /* LaunchScreen.storyboard */ = {
			isa = PBXVariantGroup;
			children = (
				2C2CF88E1BFAFC3D00C246E8 /* Base */,
			);
			name = LaunchScreen.storyboard;
			sourceTree = "<group>";
		};
/* End PBXVariantGroup section */

/* Begin XCBuildConfiguration section */
		2C2CF8A71BFAFC3E00C246E8 /* Debug */ = {
			isa = XCBuildConfiguration;
			buildSettings = {
				ALWAYS_SEARCH_USER_PATHS = NO;
				CLANG_CXX_LANGUAGE_STANDARD = "gnu++0x";
				CLANG_CXX_LIBRARY = "libc++";
				CLANG_ENABLE_MODULES = YES;
				CLANG_ENABLE_OBJC_ARC = YES;
				CLANG_WARN_BOOL_CONVERSION = YES;
				CLANG_WARN_CONSTANT_CONVERSION = YES;
				CLANG_WARN_DIRECT_OBJC_ISA_USAGE = YES_ERROR;
				CLANG_WARN_EMPTY_BODY = YES;
				CLANG_WARN_ENUM_CONVERSION = YES;
				CLANG_WARN_INT_CONVERSION = YES;
				CLANG_WARN_OBJC_ROOT_CLASS = YES_ERROR;
				CLANG_WARN_UNREACHABLE_CODE = YES;
				CLANG_WARN__DUPLICATE_METHOD_MATCH = YES;
				"CODE_SIGN_IDENTITY[sdk=iphoneos*]" = "iPhone Developer";
				COPY_PHASE_STRIP = NO;
				DEBUG_INFORMATION_FORMAT = dwarf;
				ENABLE_STRICT_OBJC_MSGSEND = YES;
				ENABLE_TESTABILITY = YES;
				GCC_C_LANGUAGE_STANDARD = gnu99;
				GCC_DYNAMIC_NO_PIC = NO;
				GCC_NO_COMMON_BLOCKS = YES;
				GCC_OPTIMIZATION_LEVEL = 0;
				GCC_PREPROCESSOR_DEFINITIONS = (
					"DEBUG=1",
					"$(inherited)",
				);
				GCC_WARN_64_TO_32_BIT_CONVERSION = YES;
				GCC_WARN_ABOUT_RETURN_TYPE = YES_ERROR;
				GCC_WARN_UNDECLARED_SELECTOR = YES;
				GCC_WARN_UNINITIALIZED_AUTOS = YES_AGGRESSIVE;
				GCC_WARN_UNUSED_FUNCTION = YES;
				GCC_WARN_UNUSED_VARIABLE = YES;
				IPHONEOS_DEPLOYMENT_TARGET = 9.1;
				MTL_ENABLE_DEBUG_INFO = YES;
				ONLY_ACTIVE_ARCH = YES;
				SDKROOT = iphoneos;
			};
			name = Debug;
		};
		2C2CF8A81BFAFC3E00C246E8 /* Release */ = {
			isa = XCBuildConfiguration;
			buildSettings = {
				ALWAYS_SEARCH_USER_PATHS = NO;
				CLANG_CXX_LANGUAGE_STANDARD = "gnu++0x";
				CLANG_CXX_LIBRARY = "libc++";
				CLANG_ENABLE_MODULES = YES;
				CLANG_ENABLE_OBJC_ARC = YES;
				CLANG_WARN_BOOL_CONVERSION = YES;
				CLANG_WARN_CONSTANT_CONVERSION = YES;
				CLANG_WARN_DIRECT_OBJC_ISA_USAGE = YES_ERROR;
				CLANG_WARN_EMPTY_BODY = YES;
				CLANG_WARN_ENUM_CONVERSION = YES;
				CLANG_WARN_INT_CONVERSION = YES;
				CLANG_WARN_OBJC_ROOT_CLASS = YES_ERROR;
				CLANG_WARN_UNREACHABLE_CODE = YES;
				CLANG_WARN__DUPLICATE_METHOD_MATCH = YES;
				"CODE_SIGN_IDENTITY[sdk=iphoneos*]" = "iPhone Developer";
				COPY_PHASE_STRIP = NO;
				DEBUG_INFORMATION_FORMAT = "dwarf-with-dsym";
				ENABLE_NS_ASSERTIONS = NO;
				ENABLE_STRICT_OBJC_MSGSEND = YES;
				GCC_C_LANGUAGE_STANDARD = gnu99;
				GCC_NO_COMMON_BLOCKS = YES;
				GCC_WARN_64_TO_32_BIT_CONVERSION = YES;
				GCC_WARN_ABOUT_RETURN_TYPE = YES_ERROR;
				GCC_WARN_UNDECLARED_SELECTOR = YES;
				GCC_WARN_UNINITIALIZED_AUTOS = YES_AGGRESSIVE;
				GCC_WARN_UNUSED_FUNCTION = YES;
				GCC_WARN_UNUSED_VARIABLE = YES;
				IPHONEOS_DEPLOYMENT_TARGET = 9.1;
				MTL_ENABLE_DEBUG_INFO = NO;
				SDKROOT = iphoneos;
				VALIDATE_PRODUCT = YES;
			};
			name = Release;
		};
		2C2CF8AA1BFAFC3E00C246E8 /* Debug */ = {
			isa = XCBuildConfiguration;
			buildSettings = {
				ASSETCATALOG_COMPILER_APPICON_NAME = AppIcon;
				INFOPLIST_FILE = GuessNumber/Info.plist;
				LD_RUNPATH_SEARCH_PATHS = "$(inherited) @executable_path/Frameworks";
				PRODUCT_BUNDLE_IDENTIFIER = char.GuessNumber;
				PRODUCT_NAME = "$(TARGET_NAME)";
			};
			name = Debug;
		};
		2C2CF8AB1BFAFC3E00C246E8 /* Release */ = {
			isa = XCBuildConfiguration;
			buildSettings = {
				ASSETCATALOG_COMPILER_APPICON_NAME = AppIcon;
				INFOPLIST_FILE = GuessNumber/Info.plist;
				LD_RUNPATH_SEARCH_PATHS = "$(inherited) @executable_path/Frameworks";
				PRODUCT_BUNDLE_IDENTIFIER = char.GuessNumber;
				PRODUCT_NAME = "$(TARGET_NAME)";
			};
			name = Release;
		};
		2C2CF8AD1BFAFC3E00C246E8 /* Debug */ = {
			isa = XCBuildConfiguration;
			buildSettings = {
				BUNDLE_LOADER = "$(TEST_HOST)";
				INFOPLIST_FILE = GuessNumberTests/Info.plist;
				LD_RUNPATH_SEARCH_PATHS = "$(inherited) @executable_path/Frameworks @loader_path/Frameworks";
				PRODUCT_BUNDLE_IDENTIFIER = char.GuessNumberTests;
				PRODUCT_NAME = "$(TARGET_NAME)";
				TEST_HOST = "$(BUILT_PRODUCTS_DIR)/GuessNumber.app/GuessNumber";
			};
			name = Debug;
		};
		2C2CF8AE1BFAFC3E00C246E8 /* Release */ = {
			isa = XCBuildConfiguration;
			buildSettings = {
				BUNDLE_LOADER = "$(TEST_HOST)";
				INFOPLIST_FILE = GuessNumberTests/Info.plist;
				LD_RUNPATH_SEARCH_PATHS = "$(inherited) @executable_path/Frameworks @loader_path/Frameworks";
				PRODUCT_BUNDLE_IDENTIFIER = char.GuessNumberTests;
				PRODUCT_NAME = "$(TARGET_NAME)";
				TEST_HOST = "$(BUILT_PRODUCTS_DIR)/GuessNumber.app/GuessNumber";
			};
			name = Release;
		};
		2C2CF8B01BFAFC3E00C246E8 /* Debug */ = {
			isa = XCBuildConfiguration;
			buildSettings = {
				INFOPLIST_FILE = GuessNumberUITests/Info.plist;
				LD_RUNPATH_SEARCH_PATHS = "$(inherited) @executable_path/Frameworks @loader_path/Frameworks";
				PRODUCT_BUNDLE_IDENTIFIER = char.GuessNumberUITests;
				PRODUCT_NAME = "$(TARGET_NAME)";
				TEST_TARGET_NAME = GuessNumber;
				USES_XCTRUNNER = YES;
			};
			name = Debug;
		};
		2C2CF8B11BFAFC3E00C246E8 /* Release */ = {
			isa = XCBuildConfiguration;
			buildSettings = {
				INFOPLIST_FILE = GuessNumberUITests/Info.plist;
				LD_RUNPATH_SEARCH_PATHS = "$(inherited) @executable_path/Frameworks @loader_path/Frameworks";
				PRODUCT_BUNDLE_IDENTIFIER = char.GuessNumberUITests;
				PRODUCT_NAME = "$(TARGET_NAME)";
				TEST_TARGET_NAME = GuessNumber;
				USES_XCTRUNNER = YES;
			};
			name = Release;
		};
/* End XCBuildConfiguration section */

/* Begin XCConfigurationList section */
		2C2CF8771BFAFC3D00C246E8 /* Build configuration list for PBXProject "GuessNumber" */ = {
			isa = XCConfigurationList;
			buildConfigurations = (
				2C2CF8A71BFAFC3E00C246E8 /* Debug */,
				2C2CF8A81BFAFC3E00C246E8 /* Release */,
			);
			defaultConfigurationIsVisible = 0;
			defaultConfigurationName = Release;
		};
		2C2CF8A91BFAFC3E00C246E8 /* Build configuration list for PBXNativeTarget "GuessNumber" */ = {
			isa = XCConfigurationList;
			buildConfigurations = (
				2C2CF8AA1BFAFC3E00C246E8 /* Debug */,
				2C2CF8AB1BFAFC3E00C246E8 /* Release */,
			);
			defaultConfigurationIsVisible = 0;
		};
		2C2CF8AC1BFAFC3E00C246E8 /* Build configuration list for PBXNativeTarget "GuessNumberTests" */ = {
			isa = XCConfigurationList;
			buildConfigurations = (
				2C2CF8AD1BFAFC3E00C246E8 /* Debug */,
				2C2CF8AE1BFAFC3E00C246E8 /* Release */,
			);
			defaultConfigurationIsVisible = 0;
		};
		2C2CF8AF1BFAFC3E00C246E8 /* Build configuration list for PBXNativeTarget "GuessNumberUITests" */ = {
			isa = XCConfigurationList;
			buildConfigurations = (
				2C2CF8B01BFAFC3E00C246E8 /* Debug */,
				2C2CF8B11BFAFC3E00C246E8 /* Release */,
			);
			defaultConfigurationIsVisible = 0;
		};
/* End XCConfigurationList section */
	};
	rootObject = 2C2CF8741BFAFC3D00C246E8 /* Project object */;
}
